{
  "name": "ch13",
  "lockfileVersion": 2,
  "requires": true,
  "packages": {
    "": {
      "dependencies": {
        "math-money": "^0.1.1"
      }
    },
    "node_modules/math-money": {
      "version": "0.1.1",
      "resolved": "https://registry.npmjs.org/math-money/-/math-money-0.1.1.tgz",
      "integrity": "sha1-LWn1iVNeUYRxNDjEVhOmYSH9Jtc="
    }
  },
  "dependencies": {
    "math-money": {
      "version": "0.1.1",
      "resolved": "https://registry.npmjs.org/math-money/-/math-money-0.1.1.tgz",
      "integrity": "sha1-LWn1iVNeUYRxNDjEVhOmYSH9Jtc="
    }
  }
}
